// !$*UTF8*$!
{
	archiveVersion = 1;
	classes = {
	};
	objectVersion = 55;
	objects = {

/* Begin PBXBuildFile section */
		13120A0A275E43E4007C41D8 /* AppDelegate.swift in Sources */ = {isa = PBXBuildFile; fileRef = 13120A09275E43E4007C41D8 /* AppDelegate.swift */; };
		13120A0C275E43E4007C41D8 /* SceneDelegate.swift in Sources */ = {isa = PBXBuildFile; fileRef = 13120A0B275E43E4007C41D8 /* SceneDelegate.swift */; };
		13120A13275E43E5007C41D8 /* Assets.xcassets in Resources */ = {isa = PBXBuildFile; fileRef = 13120A12275E43E5007C41D8 /* Assets.xcassets */; };
		13120A16275E43E5007C41D8 /* LaunchScreen.storyboard in Resources */ = {isa = PBXBuildFile; fileRef = 13120A14275E43E5007C41D8 /* LaunchScreen.storyboard */; };
		13120A21275E43E6007C41D8 /* CurrencyInfoTests.swift in Sources */ = {isa = PBXBuildFile; fileRef = 13120A20275E43E6007C41D8 /* CurrencyInfoTests.swift */; };
		13120A2B275E43E6007C41D8 /* CurrencyInfoUITests.swift in Sources */ = {isa = PBXBuildFile; fileRef = 13120A2A275E43E6007C41D8 /* CurrencyInfoUITests.swift */; };
		13120A2D275E43E6007C41D8 /* CurrencyInfoUITestsLaunchTests.swift in Sources */ = {isa = PBXBuildFile; fileRef = 13120A2C275E43E6007C41D8 /* CurrencyInfoUITestsLaunchTests.swift */; };
		13120A40275E4F82007C41D8 /* CurrencyModel.swift in Sources */ = {isa = PBXBuildFile; fileRef = 13120A3F275E4F82007C41D8 /* CurrencyModel.swift */; };
		13120A42275E6650007C41D8 /* CurrencyViewModel.swift in Sources */ = {isa = PBXBuildFile; fileRef = 13120A41275E6650007C41D8 /* CurrencyViewModel.swift */; };
		13120A45275E7F4A007C41D8 /* Networkmanger.swift in Sources */ = {isa = PBXBuildFile; fileRef = 13120A44275E7F4A007C41D8 /* Networkmanger.swift */; };
		13120A48275E8029007C41D8 /* Main.storyboard in Resources */ = {isa = PBXBuildFile; fileRef = 13120A47275E8029007C41D8 /* Main.storyboard */; };
		13120A4D275E80BF007C41D8 /* ListViewTableCell.swift in Sources */ = {isa = PBXBuildFile; fileRef = 13120A4B275E80BF007C41D8 /* ListViewTableCell.swift */; };
		13120A4E275E80BF007C41D8 /* ListViewTableCell.xib in Resources */ = {isa = PBXBuildFile; fileRef = 13120A4C275E80BF007C41D8 /* ListViewTableCell.xib */; };
		13120A50275E8233007C41D8 /* ListViewController.swift in Sources */ = {isa = PBXBuildFile; fileRef = 13120A4F275E8233007C41D8 /* ListViewController.swift */; };
		13120A52275E8D68007C41D8 /* ResponsedataModel.swift in Sources */ = {isa = PBXBuildFile; fileRef = 13120A51275E8D67007C41D8 /* ResponsedataModel.swift */; };
/* End PBXBuildFile section */

/* Begin PBXContainerItemProxy section */
		13120A1D275E43E6007C41D8 /* PBXContainerItemProxy */ = {
			isa = PBXContainerItemProxy;
			containerPortal = 131209FE275E43E4007C41D8 /* Project object */;
			proxyType = 1;
			remoteGlobalIDString = 13120A05275E43E4007C41D8;
			remoteInfo = CurrencyInfo;
		};
		13120A27275E43E6007C41D8 /* PBXContainerItemProxy */ = {
			isa = PBXContainerItemProxy;
			containerPortal = 131209FE275E43E4007C41D8 /* Project object */;
			proxyType = 1;
			remoteGlobalIDString = 13120A05275E43E4007C41D8;
			remoteInfo = CurrencyInfo;
		};
/* End PBXContainerItemProxy section */

/* Begin PBXFileReference section */
		13120A06275E43E4007C41D8 /* CurrencyInfo.app */ = {isa = PBXFileReference; explicitFileType = wrapper.application; includeInIndex = 0; path = CurrencyInfo.app; sourceTree = BUILT_PRODUCTS_DIR; };
		13120A09275E43E4007C41D8 /* AppDelegate.swift */ = {isa = PBXFileReference; lastKnownFileType = sourcecode.swift; path = AppDelegate.swift; sourceTree = "<group>"; };
		13120A0B275E43E4007C41D8 /* SceneDelegate.swift */ = {isa = PBXFileReference; lastKnownFileType = sourcecode.swift; path = SceneDelegate.swift; sourceTree = "<group>"; };
		13120A12275E43E5007C41D8 /* Assets.xcassets */ = {isa = PBXFileReference; lastKnownFileType = folder.assetcatalog; path = Assets.xcassets; sourceTree = "<group>"; };
		13120A15275E43E5007C41D8 /* Base */ = {isa = PBXFileReference; lastKnownFileType = file.storyboard; name = Base; path = Base.lproj/LaunchScreen.storyboard; sourceTree = "<group>"; };
		13120A17275E43E5007C41D8 /* Info.plist */ = {isa = PBXFileReference; lastKnownFileType = text.plist.xml; path = Info.plist; sourceTree = "<group>"; };
		13120A1C275E43E6007C41D8 /* CurrencyInfoTests.xctest */ = {isa = PBXFileReference; explicitFileType = wrapper.cfbundle; includeInIndex = 0; path = CurrencyInfoTests.xctest; sourceTree = BUILT_PRODUCTS_DIR; };
		13120A20275E43E6007C41D8 /* CurrencyInfoTests.swift */ = {isa = PBXFileReference; lastKnownFileType = sourcecode.swift; path = CurrencyInfoTests.swift; sourceTree = "<group>"; };
		13120A26275E43E6007C41D8 /* CurrencyInfoUITests.xctest */ = {isa = PBXFileReference; explicitFileType = wrapper.cfbundle; includeInIndex = 0; path = CurrencyInfoUITests.xctest; sourceTree = BUILT_PRODUCTS_DIR; };
		13120A2A275E43E6007C41D8 /* CurrencyInfoUITests.swift */ = {isa = PBXFileReference; lastKnownFileType = sourcecode.swift; path = CurrencyInfoUITests.swift; sourceTree = "<group>"; };
		13120A2C275E43E6007C41D8 /* CurrencyInfoUITestsLaunchTests.swift */ = {isa = PBXFileReference; lastKnownFileType = sourcecode.swift; path = CurrencyInfoUITestsLaunchTests.swift; sourceTree = "<group>"; };
		13120A3F275E4F82007C41D8 /* CurrencyModel.swift */ = {isa = PBXFileReference; lastKnownFileType = sourcecode.swift; path = CurrencyModel.swift; sourceTree = "<group>"; };
		13120A41275E6650007C41D8 /* CurrencyViewModel.swift */ = {isa = PBXFileReference; lastKnownFileType = sourcecode.swift; path = CurrencyViewModel.swift; sourceTree = "<group>"; };
		13120A44275E7F4A007C41D8 /* Networkmanger.swift */ = {isa = PBXFileReference; fileEncoding = 4; lastKnownFileType = sourcecode.swift; path = Networkmanger.swift; sourceTree = "<group>"; };
		13120A47275E8029007C41D8 /* Main.storyboard */ = {isa = PBXFileReference; fileEncoding = 4; lastKnownFileType = file.storyboard; path = Main.storyboard; sourceTree = "<group>"; };
		13120A4B275E80BF007C41D8 /* ListViewTableCell.swift */ = {isa = PBXFileReference; lastKnownFileType = sourcecode.swift; path = ListViewTableCell.swift; sourceTree = "<group>"; };
		13120A4C275E80BF007C41D8 /* ListViewTableCell.xib */ = {isa = PBXFileReference; lastKnownFileType = file.xib; path = ListViewTableCell.xib; sourceTree = "<group>"; };
		13120A4F275E8233007C41D8 /* ListViewController.swift */ = {isa = PBXFileReference; lastKnownFileType = sourcecode.swift; path = ListViewController.swift; sourceTree = "<group>"; };
		13120A51275E8D67007C41D8 /* ResponsedataModel.swift */ = {isa = PBXFileReference; lastKnownFileType = sourcecode.swift; path = ResponsedataModel.swift; sourceTree = "<group>"; };
/* End PBXFileReference section */

/* Begin PBXFrameworksBuildPhase section */
		13120A03275E43E4007C41D8 /* Frameworks */ = {
			isa = PBXFrameworksBuildPhase;
			buildActionMask = 2147483647;
			files = (
			);
			runOnlyForDeploymentPostprocessing = 0;
		};
		13120A19275E43E6007C41D8 /* Frameworks */ = {
			isa = PBXFrameworksBuildPhase;
			buildActionMask = 2147483647;
			files = (
			);
			runOnlyForDeploymentPostprocessing = 0;
		};
		13120A23275E43E6007C41D8 /* Frameworks */ = {
			isa = PBXFrameworksBuildPhase;
			buildActionMask = 2147483647;
			files = (
			);
			runOnlyForDeploymentPostprocessing = 0;
		};
/* End PBXFrameworksBuildPhase section */

/* Begin PBXGroup section */
		131209FD275E43E4007C41D8 = {
			isa = PBXGroup;
			children = (
				13120A08275E43E4007C41D8 /* CurrencyInfo */,
				13120A1F275E43E6007C41D8 /* CurrencyInfoTests */,
				13120A29275E43E6007C41D8 /* CurrencyInfoUITests */,
				13120A07275E43E4007C41D8 /* Products */,
			);
			sourceTree = "<group>";
		};
		13120A07275E43E4007C41D8 /* Products */ = {
			isa = PBXGroup;
			children = (
				13120A06275E43E4007C41D8 /* CurrencyInfo.app */,
				13120A1C275E43E6007C41D8 /* CurrencyInfoTests.xctest */,
				13120A26275E43E6007C41D8 /* CurrencyInfoUITests.xctest */,
			);
			name = Products;
			sourceTree = "<group>";
		};
		13120A08275E43E4007C41D8 /* CurrencyInfo */ = {
			isa = PBXGroup;
			children = (
				13120A49275E8047007C41D8 /* View */,
				13120A46275E8029007C41D8 /* Storyboard */,
				13120A3E275E4F17007C41D8 /* ViewModel */,
				13120A3C275E4DFA007C41D8 /* Model */,
				13120A09275E43E4007C41D8 /* AppDelegate.swift */,
				13120A0B275E43E4007C41D8 /* SceneDelegate.swift */,
				13120A43275E7F4A007C41D8 /* Network */,
				13120A12275E43E5007C41D8 /* Assets.xcassets */,
				13120A14275E43E5007C41D8 /* LaunchScreen.storyboard */,
				13120A17275E43E5007C41D8 /* Info.plist */,
			);
			path = CurrencyInfo;
			sourceTree = "<group>";
		};
		13120A1F275E43E6007C41D8 /* CurrencyInfoTests */ = {
			isa = PBXGroup;
			children = (
				13120A20275E43E6007C41D8 /* CurrencyInfoTests.swift */,
			);
			path = CurrencyInfoTests;
			sourceTree = "<group>";
		};
		13120A29275E43E6007C41D8 /* CurrencyInfoUITests */ = {
			isa = PBXGroup;
			children = (
				13120A2A275E43E6007C41D8 /* CurrencyInfoUITests.swift */,
				13120A2C275E43E6007C41D8 /* CurrencyInfoUITestsLaunchTests.swift */,
			);
			path = CurrencyInfoUITests;
			sourceTree = "<group>";
		};
		13120A3C275E4DFA007C41D8 /* Model */ = {
			isa = PBXGroup;
			children = (
				13120A3F275E4F82007C41D8 /* CurrencyModel.swift */,
				13120A51275E8D67007C41D8 /* ResponsedataModel.swift */,
			);
			path = Model;
			sourceTree = "<group>";
		};
		13120A3E275E4F17007C41D8 /* ViewModel */ = {
			isa = PBXGroup;
			children = (
				13120A41275E6650007C41D8 /* CurrencyViewModel.swift */,
			);
			path = ViewModel;
			sourceTree = "<group>";
		};
		13120A43275E7F4A007C41D8 /* Network */ = {
			isa = PBXGroup;
			children = (
				13120A44275E7F4A007C41D8 /* Networkmanger.swift */,
			);
			path = Network;
			sourceTree = "<group>";
		};
		13120A46275E8029007C41D8 /* Storyboard */ = {
			isa = PBXGroup;
			children = (
				13120A47275E8029007C41D8 /* Main.storyboard */,
			);
			path = Storyboard;
			sourceTree = "<group>";
		};
		13120A49275E8047007C41D8 /* View */ = {
			isa = PBXGroup;
			children = (
				13120A4A275E808F007C41D8 /* Tableviewcells */,
				13120A4F275E8233007C41D8 /* ListViewController.swift */,
			);
			path = View;
			sourceTree = "<group>";
		};
		13120A4A275E808F007C41D8 /* Tableviewcells */ = {
			isa = PBXGroup;
			children = (
				13120A4B275E80BF007C41D8 /* ListViewTableCell.swift */,
				13120A4C275E80BF007C41D8 /* ListViewTableCell.xib */,
			);
			path = Tableviewcells;
			sourceTree = "<group>";
		};
/* End PBXGroup section */

/* Begin PBXNativeTarget section */
		13120A05275E43E4007C41D8 /* CurrencyInfo */ = {
			isa = PBXNativeTarget;
			buildConfigurationList = 13120A30275E43E6007C41D8 /* Build configuration list for PBXNativeTarget "CurrencyInfo" */;
			buildPhases = (
				13120A02275E43E4007C41D8 /* Sources */,
				13120A03275E43E4007C41D8 /* Frameworks */,
				13120A04275E43E4007C41D8 /* Resources */,
			);
			buildRules = (
			);
			dependencies = (
			);
			name = CurrencyInfo;
			productName = CurrencyInfo;
			productReference = 13120A06275E43E4007C41D8 /* CurrencyInfo.app */;
			productType = "com.apple.product-type.application";
		};
		13120A1B275E43E6007C41D8 /* CurrencyInfoTests */ = {
			isa = PBXNativeTarget;
			buildConfigurationList = 13120A33275E43E6007C41D8 /* Build configuration list for PBXNativeTarget "CurrencyInfoTests" */;
			buildPhases = (
				13120A18275E43E6007C41D8 /* Sources */,
				13120A19275E43E6007C41D8 /* Frameworks */,
				13120A1A275E43E6007C41D8 /* Resources */,
			);
			buildRules = (
			);
			dependencies = (
				13120A1E275E43E6007C41D8 /* PBXTargetDependency */,
			);
			name = CurrencyInfoTests;
			productName = CurrencyInfoTests;
			productReference = 13120A1C275E43E6007C41D8 /* CurrencyInfoTests.xctest */;
			productType = "com.apple.product-type.bundle.unit-test";
		};
		13120A25275E43E6007C41D8 /* CurrencyInfoUITests */ = {
			isa = PBXNativeTarget;
			buildConfigurationList = 13120A36275E43E6007C41D8 /* Build configuration list for PBXNativeTarget "CurrencyInfoUITests" */;
			buildPhases = (
				13120A22275E43E6007C41D8 /* Sources */,
				13120A23275E43E6007C41D8 /* Frameworks */,
				13120A24275E43E6007C41D8 /* Resources */,
			);
			buildRules = (
			);
			dependencies = (
				13120A28275E43E6007C41D8 /* PBXTargetDependency */,
			);
			name = CurrencyInfoUITests;
			productName = CurrencyInfoUITests;
			productReference = 13120A26275E43E6007C41D8 /* CurrencyInfoUITests.xctest */;
			productType = "com.apple.product-type.bundle.ui-testing";
		};
/* End PBXNativeTarget section */

/* Begin PBXProject section */
		131209FE275E43E4007C41D8 /* Project object */ = {
			isa = PBXProject;
			attributes = {
				BuildIndependentTargetsInParallel = 1;
				LastSwiftUpdateCheck = 1310;
				LastUpgradeCheck = 1310;
				TargetAttributes = {
					13120A05275E43E4007C41D8 = {
						CreatedOnToolsVersion = 13.1;
					};
					13120A1B275E43E6007C41D8 = {
						CreatedOnToolsVersion = 13.1;
						TestTargetID = 13120A05275E43E4007C41D8;
					};
					13120A25275E43E6007C41D8 = {
						CreatedOnToolsVersion = 13.1;
						TestTargetID = 13120A05275E43E4007C41D8;
					};
				};
			};
			buildConfigurationList = 13120A01275E43E4007C41D8 /* Build configuration list for PBXProject "CurrencyInfo" */;
			compatibilityVersion = "Xcode 13.0";
			developmentRegion = en;
			hasScannedForEncodings = 0;
			knownRegions = (
				en,
				Base,
			);
			mainGroup = 131209FD275E43E4007C41D8;
			productRefGroup = 13120A07275E43E4007C41D8 /* Products */;
			projectDirPath = "";
			projectRoot = "";
			targets = (
				13120A05275E43E4007C41D8 /* CurrencyInfo */,
				13120A1B275E43E6007C41D8 /* CurrencyInfoTests */,
				13120A25275E43E6007C41D8 /* CurrencyInfoUITests */,
			);
		};
/* End PBXProject section */

/* Begin PBXResourcesBuildPhase section */
		13120A04275E43E4007C41D8 /* Resources */ = {
			isa = PBXResourcesBuildPhase;
			buildActionMask = 2147483647;
			files = (
				13120A16275E43E5007C41D8 /* LaunchScreen.storyboard in Resources */,
				13120A4E275E80BF007C41D8 /* ListViewTableCell.xib in Resources */,
				13120A13275E43E5007C41D8 /* Assets.xcassets in Resources */,
				13120A48275E8029007C41D8 /* Main.storyboard in Resources */,
			);
			runOnlyForDeploymentPostprocessing = 0;
		};
		13120A1A275E43E6007C41D8 /* Resources */ = {
			isa = PBXResourcesBuildPhase;
			buildActionMask = 2147483647;
			files = (
			);
			runOnlyForDeploymentPostprocessing = 0;
		};
		13120A24275E43E6007C41D8 /* Resources */ = {
			isa = PBXResourcesBuildPhase;
			buildActionMask = 2147483647;
			files = (
			);
			runOnlyForDeploymentPostprocessing = 0;
		};
/* End PBXResourcesBuildPhase section */

/* Begin PBXSourcesBuildPhase section */
		13120A02275E43E4007C41D8 /* Sources */ = {
			isa = PBXSourcesBuildPhase;
			buildActionMask = 2147483647;
			files = (
				13120A42275E6650007C41D8 /* CurrencyViewModel.swift in Sources */,
				13120A45275E7F4A007C41D8 /* Networkmanger.swift in Sources */,
				13120A0A275E43E4007C41D8 /* AppDelegate.swift in Sources */,
				13120A40275E4F82007C41D8 /* CurrencyModel.swift in Sources */,
				13120A52275E8D68007C41D8 /* ResponsedataModel.swift in Sources */,
				13120A4D275E80BF007C41D8 /* ListViewTableCell.swift in Sources */,
				13120A0C275E43E4007C41D8 /* SceneDelegate.swift in Sources */,
				13120A50275E8233007C41D8 /* ListViewController.swift in Sources */,
			);
			runOnlyForDeploymentPostprocessing = 0;
		};
		13120A18275E43E6007C41D8 /* Sources */ = {
			isa = PBXSourcesBuildPhase;
			buildActionMask = 2147483647;
			files = (
				13120A21275E43E6007C41D8 /* CurrencyInfoTests.swift in Sources */,
			);
			runOnlyForDeploymentPostprocessing = 0;
		};
		13120A22275E43E6007C41D8 /* Sources */ = {
			isa = PBXSourcesBuildPhase;
			buildActionMask = 2147483647;
			files = (
				13120A2B275E43E6007C41D8 /* CurrencyInfoUITests.swift in Sources */,
				13120A2D275E43E6007C41D8 /* CurrencyInfoUITestsLaunchTests.swift in Sources */,
			);
			runOnlyForDeploymentPostprocessing = 0;
		};
/* End PBXSourcesBuildPhase section */

/* Begin PBXTargetDependency section */
		13120A1E275E43E6007C41D8 /* PBXTargetDependency */ = {
			isa = PBXTargetDependency;
			target = 13120A05275E43E4007C41D8 /* CurrencyInfo */;
			targetProxy = 13120A1D275E43E6007C41D8 /* PBXContainerItemProxy */;
		};
		13120A28275E43E6007C41D8 /* PBXTargetDependency */ = {
			isa = PBXTargetDependency;
			target = 13120A05275E43E4007C41D8 /* CurrencyInfo */;
			targetProxy = 13120A27275E43E6007C41D8 /* PBXContainerItemProxy */;
		};
/* End PBXTargetDependency section */

/* Begin PBXVariantGroup section */
		13120A14275E43E5007C41D8 /* LaunchScreen.storyboard */ = {
			isa = PBXVariantGroup;
			children = (
				13120A15275E43E5007C41D8 /* Base */,
			);
			name = LaunchScreen.storyboard;
			sourceTree = "<group>";
		};
/* End PBXVariantGroup section */

/* Begin XCBuildConfiguration section */
		13120A2E275E43E6007C41D8 /* Debug */ = {
			isa = XCBuildConfiguration;
			buildSettings = {
				ALWAYS_SEARCH_USER_PATHS = NO;
				CLANG_ANALYZER_NONNULL = YES;
				CLANG_ANALYZER_NUMBER_OBJECT_CONVERSION = YES_AGGRESSIVE;
				CLANG_CXX_LANGUAGE_STANDARD = "gnu++17";
				CLANG_CXX_LIBRARY = "libc++";
				CLANG_ENABLE_MODULES = YES;
				CLANG_ENABLE_OBJC_ARC = YES;
				CLANG_ENABLE_OBJC_WEAK = YES;
				CLANG_WARN_BLOCK_CAPTURE_AUTORELEASING = YES;
				CLANG_WARN_BOOL_CONVERSION = YES;
				CLANG_WARN_COMMA = YES;
				CLANG_WARN_CONSTANT_CONVERSION = YES;
				CLANG_WARN_DEPRECATED_OBJC_IMPLEMENTATIONS = YES;
				CLANG_WARN_DIRECT_OBJC_ISA_USAGE = YES_ERROR;
				CLANG_WARN_DOCUMENTATION_COMMENTS = YES;
				CLANG_WARN_EMPTY_BODY = YES;
				CLANG_WARN_ENUM_CONVERSION = YES;
				CLANG_WARN_INFINITE_RECURSION = YES;
				CLANG_WARN_INT_CONVERSION = YES;
				CLANG_WARN_NON_LITERAL_NULL_CONVERSION = YES;
				CLANG_WARN_OBJC_IMPLICIT_RETAIN_SELF = YES;
				CLANG_WARN_OBJC_LITERAL_CONVERSION = YES;
				CLANG_WARN_OBJC_ROOT_CLASS = YES_ERROR;
				CLANG_WARN_QUOTED_INCLUDE_IN_FRAMEWORK_HEADER = YES;
				CLANG_WARN_RANGE_LOOP_ANALYSIS = YES;
				CLANG_WARN_STRICT_PROTOTYPES = YES;
				CLANG_WARN_SUSPICIOUS_MOVE = YES;
				CLANG_WARN_UNGUARDED_AVAILABILITY = YES_AGGRESSIVE;
				CLANG_WARN_UNREACHABLE_CODE = YES;
				CLANG_WARN__DUPLICATE_METHOD_MATCH = YES;
				COPY_PHASE_STRIP = NO;
				DEBUG_INFORMATION_FORMAT = dwarf;
				ENABLE_STRICT_OBJC_MSGSEND = YES;
				ENABLE_TESTABILITY = YES;
				GCC_C_LANGUAGE_STANDARD = gnu11;
				GCC_DYNAMIC_NO_PIC = NO;
				GCC_NO_COMMON_BLOCKS = YES;
				GCC_OPTIMIZATION_LEVEL = 0;
				GCC_PREPROCESSOR_DEFINITIONS = (
					"DEBUG=1",
					"$(inherited)",
				);
				GCC_WARN_64_TO_32_BIT_CONVERSION = YES;
				GCC_WARN_ABOUT_RETURN_TYPE = YES_ERROR;
				GCC_WARN_UNDECLARED_SELECTOR = YES;
				GCC_WARN_UNINITIALIZED_AUTOS = YES_AGGRESSIVE;
				GCC_WARN_UNUSED_FUNCTION = YES;
				GCC_WARN_UNUSED_VARIABLE = YES;
				IPHONEOS_DEPLOYMENT_TARGET = 15.0;
				MTL_ENABLE_DEBUG_INFO = INCLUDE_SOURCE;
				MTL_FAST_MATH = YES;
				ONLY_ACTIVE_ARCH = YES;
				SDKROOT = iphoneos;
				SWIFT_ACTIVE_COMPILATION_CONDITIONS = DEBUG;
				SWIFT_OPTIMIZATION_LEVEL = "-Onone";
			};
			name = Debug;
		};
		13120A2F275E43E6007C41D8 /* Release */ = {
			isa = XCBuildConfiguration;
			buildSettings = {
				ALWAYS_SEARCH_USER_PATHS = NO;
				CLANG_ANALYZER_NONNULL = YES;
				CLANG_ANALYZER_NUMBER_OBJECT_CONVERSION = YES_AGGRESSIVE;
				CLANG_CXX_LANGUAGE_STANDARD = "gnu++17";
				CLANG_CXX_LIBRARY = "libc++";
				CLANG_ENABLE_MODULES = YES;
				CLANG_ENABLE_OBJC_ARC = YES;
				CLANG_ENABLE_OBJC_WEAK = YES;
				CLANG_WARN_BLOCK_CAPTURE_AUTORELEASING = YES;
				CLANG_WARN_BOOL_CONVERSION = YES;
				CLANG_WARN_COMMA = YES;
				CLANG_WARN_CONSTANT_CONVERSION = YES;
				CLANG_WARN_DEPRECATED_OBJC_IMPLEMENTATIONS = YES;
				CLANG_WARN_DIRECT_OBJC_ISA_USAGE = YES_ERROR;
				CLANG_WARN_DOCUMENTATION_COMMENTS = YES;
				CLANG_WARN_EMPTY_BODY = YES;
				CLANG_WARN_ENUM_CONVERSION = YES;
				CLANG_WARN_INFINITE_RECURSION = YES;
				CLANG_WARN_INT_CONVERSION = YES;
				CLANG_WARN_NON_LITERAL_NULL_CONVERSION = YES;
				CLANG_WARN_OBJC_IMPLICIT_RETAIN_SELF = YES;
				CLANG_WARN_OBJC_LITERAL_CONVERSION = YES;
				CLANG_WARN_OBJC_ROOT_CLASS = YES_ERROR;
				CLANG_WARN_QUOTED_INCLUDE_IN_FRAMEWORK_HEADER = YES;
				CLANG_WARN_RANGE_LOOP_ANALYSIS = YES;
				CLANG_WARN_STRICT_PROTOTYPES = YES;
				CLANG_WARN_SUSPICIOUS_MOVE = YES;
				CLANG_WARN_UNGUARDED_AVAILABILITY = YES_AGGRESSIVE;
				CLANG_WARN_UNREACHABLE_CODE = YES;
				CLANG_WARN__DUPLICATE_METHOD_MATCH = YES;
				COPY_PHASE_STRIP = NO;
				DEBUG_INFORMATION_FORMAT = "dwarf-with-dsym";
				ENABLE_NS_ASSERTIONS = NO;
				ENABLE_STRICT_OBJC_MSGSEND = YES;
				GCC_C_LANGUAGE_STANDARD = gnu11;
				GCC_NO_COMMON_BLOCKS = YES;
				GCC_WARN_64_TO_32_BIT_CONVERSION = YES;
				GCC_WARN_ABOUT_RETURN_TYPE = YES_ERROR;
				GCC_WARN_UNDECLARED_SELECTOR = YES;
				GCC_WARN_UNINITIALIZED_AUTOS = YES_AGGRESSIVE;
				GCC_WARN_UNUSED_FUNCTION = YES;
				GCC_WARN_UNUSED_VARIABLE = YES;
				IPHONEOS_DEPLOYMENT_TARGET = 15.0;
				MTL_ENABLE_DEBUG_INFO = NO;
				MTL_FAST_MATH = YES;
				SDKROOT = iphoneos;
				SWIFT_COMPILATION_MODE = wholemodule;
				SWIFT_OPTIMIZATION_LEVEL = "-O";
				VALIDATE_PRODUCT = YES;
			};
			name = Release;
		};
		13120A31275E43E6007C41D8 /* Debug */ = {
			isa = XCBuildConfiguration;
			buildSettings = {
				ASSETCATALOG_COMPILER_APPICON_NAME = AppIcon;
				ASSETCATALOG_COMPILER_GLOBAL_ACCENT_COLOR_NAME = AccentColor;
				CODE_SIGN_STYLE = Automatic;
				CURRENT_PROJECT_VERSION = 1;
				DEVELOPMENT_TEAM = K42RYUPK5Y;
				GENERATE_INFOPLIST_FILE = YES;
				INFOPLIST_FILE = CurrencyInfo/Info.plist;
				INFOPLIST_KEY_UIApplicationSupportsIndirectInputEvents = YES;
				INFOPLIST_KEY_UILaunchStoryboardName = LaunchScreen;
				INFOPLIST_KEY_UIMainStoryboardFile = Main;
				INFOPLIST_KEY_UISupportedInterfaceOrientations_iPad = "UIInterfaceOrientationPortrait UIInterfaceOrientationPortraitUpsideDown UIInterfaceOrientationLandscapeLeft UIInterfaceOrientationLandscapeRight";
				INFOPLIST_KEY_UISupportedInterfaceOrientations_iPhone = "UIInterfaceOrientationPortrait UIInterfaceOrientationLandscapeLeft UIInterfaceOrientationLandscapeRight";
				LD_RUNPATH_SEARCH_PATHS = (
					"$(inherited)",
					"@executable_path/Frameworks",
				);
				MARKETING_VERSION = 1.0;
				PRODUCT_BUNDLE_IDENTIFIER = com.currencyinfo.ios.CurrencyInfo;
				PRODUCT_NAME = "$(TARGET_NAME)";
				SWIFT_EMIT_LOC_STRINGS = YES;
				SWIFT_VERSION = 5.0;
				TARGETED_DEVICE_FAMILY = "1,2";
			};
			name = Debug;
		};
		13120A32275E43E6007C41D8 /* Release */ = {
			isa = XCBuildConfiguration;
			buildSettings = {
				ASSETCATALOG_COMPILER_APPICON_NAME = AppIcon;
				ASSETCATALOG_COMPILER_GLOBAL_ACCENT_COLOR_NAME = AccentColor;
				CODE_SIGN_STYLE = Automatic;
				CURRENT_PROJECT_VERSION = 1;
				DEVELOPMENT_TEAM = K42RYUPK5Y;
				GENERATE_INFOPLIST_FILE = YES;
				INFOPLIST_FILE = CurrencyInfo/Info.plist;
				INFOPLIST_KEY_UIApplicationSupportsIndirectInputEvents = YES;
				INFOPLIST_KEY_UILaunchStoryboardName = LaunchScreen;
				INFOPLIST_KEY_UIMainStoryboardFile = Main;
				INFOPLIST_KEY_UISupportedInterfaceOrientations_iPad = "UIInterfaceOrientationPortrait UIInterfaceOrientationPortraitUpsideDown UIInterfaceOrientationLandscapeLeft UIInterfaceOrientationLandscapeRight";
				INFOPLIST_KEY_UISupportedInterfaceOrientations_iPhone = "UIInterfaceOrientationPortrait UIInterfaceOrientationLandscapeLeft UIInterfaceOrientationLandscapeRight";
				LD_RUNPATH_SEARCH_PATHS = (
					"$(inherited)",
					"@executable_path/Frameworks",
				);
				MARKETING_VERSION = 1.0;
				PRODUCT_BUNDLE_IDENTIFIER = com.currencyinfo.ios.CurrencyInfo;
				PRODUCT_NAME = "$(TARGET_NAME)";
				SWIFT_EMIT_LOC_STRINGS = YES;
				SWIFT_VERSION = 5.0;
				TARGETED_DEVICE_FAMILY = "1,2";
			};
			name = Release;
		};
		13120A34275E43E6007C41D8 /* Debug */ = {
			isa = XCBuildConfiguration;
			buildSettings = {
				ALWAYS_EMBED_SWIFT_STANDARD_LIBRARIES = YES;
				BUNDLE_LOADER = "$(TEST_HOST)";
				CODE_SIGN_STYLE = Automatic;
				CURRENT_PROJECT_VERSION = 1;
				DEVELOPMENT_TEAM = K42RYUPK5Y;
				GENERATE_INFOPLIST_FILE = YES;
				IPHONEOS_DEPLOYMENT_TARGET = 15.0;
				LD_RUNPATH_SEARCH_PATHS = (
					"$(inherited)",
					"@executable_path/Frameworks",
					"@loader_path/Frameworks",
				);
				MARKETING_VERSION = 1.0;
				PRODUCT_BUNDLE_IDENTIFIER = com.currencyinfo.ios.CurrencyInfoTests;
				PRODUCT_NAME = "$(TARGET_NAME)";
				SWIFT_EMIT_LOC_STRINGS = NO;
				SWIFT_VERSION = 5.0;
				TARGETED_DEVICE_FAMILY = "1,2";
				TEST_HOST = "$(BUILT_PRODUCTS_DIR)/CurrencyInfo.app/CurrencyInfo";
			};
			name = Debug;
		};
		13120A35275E43E6007C41D8 /* Release */ = {
			isa = XCBuildConfiguration;
			buildSettings = {
				ALWAYS_EMBED_SWIFT_STANDARD_LIBRARIES = YES;
				BUNDLE_LOADER = "$(TEST_HOST)";
				CODE_SIGN_STYLE = Automatic;
				CURRENT_PROJECT_VERSION = 1;
				DEVELOPMENT_TEAM = K42RYUPK5Y;
				GENERATE_INFOPLIST_FILE = YES;
				IPHONEOS_DEPLOYMENT_TARGET = 15.0;
				LD_RUNPATH_SEARCH_PATHS = (
					"$(inherited)",
					"@executable_path/Frameworks",
					"@loader_path/Frameworks",
				);
				MARKETING_VERSION = 1.0;
				PRODUCT_BUNDLE_IDENTIFIER = com.currencyinfo.ios.CurrencyInfoTests;
				PRODUCT_NAME = "$(TARGET_NAME)";
				SWIFT_EMIT_LOC_STRINGS = NO;
				SWIFT_VERSION = 5.0;
				TARGETED_DEVICE_FAMILY = "1,2";
				TEST_HOST = "$(BUILT_PRODUCTS_DIR)/CurrencyInfo.app/CurrencyInfo";
			};
			name = Release;
		};
		13120A37275E43E6007C41D8 /* Debug */ = {
			isa = XCBuildConfiguration;
			buildSettings = {
				ALWAYS_EMBED_SWIFT_STANDARD_LIBRARIES = YES;
				CODE_SIGN_STYLE = Automatic;
				CURRENT_PROJECT_VERSION = 1;
				DEVELOPMENT_TEAM = K42RYUPK5Y;
				GENERATE_INFOPLIST_FILE = YES;
				LD_RUNPATH_SEARCH_PATHS = (
					"$(inherited)",
					"@executable_path/Frameworks",
					"@loader_path/Frameworks",
				);
				MARKETING_VERSION = 1.0;
				PRODUCT_BUNDLE_IDENTIFIER = com.currencyinfo.ios.CurrencyInfoUITests;
				PRODUCT_NAME = "$(TARGET_NAME)";
				SWIFT_EMIT_LOC_STRINGS = NO;
				SWIFT_VERSION = 5.0;
				TARGETED_DEVICE_FAMILY = "1,2";
				TEST_TARGET_NAME = CurrencyInfo;
			};
			name = Debug;
		};
		13120A38275E43E6007C41D8 /* Release */ = {
			isa = XCBuildConfiguration;
			buildSettings = {
				ALWAYS_EMBED_SWIFT_STANDARD_LIBRARIES = YES;
				CODE_SIGN_STYLE = Automatic;
				CURRENT_PROJECT_VERSION = 1;
				DEVELOPMENT_TEAM = K42RYUPK5Y;
				GENERATE_INFOPLIST_FILE = YES;
				LD_RUNPATH_SEARCH_PATHS = (
					"$(inherited)",
					"@executable_path/Frameworks",
					"@loader_path/Frameworks",
				);
				MARKETING_VERSION = 1.0;
				PRODUCT_BUNDLE_IDENTIFIER = com.currencyinfo.ios.CurrencyInfoUITests;
				PRODUCT_NAME = "$(TARGET_NAME)";
				SWIFT_EMIT_LOC_STRINGS = NO;
				SWIFT_VERSION = 5.0;
				TARGETED_DEVICE_FAMILY = "1,2";
				TEST_TARGET_NAME = CurrencyInfo;
			};
			name = Release;
		};
/* End XCBuildConfiguration section */

/* Begin XCConfigurationList section */
		13120A01275E43E4007C41D8 /* Build configuration list for PBXProject "CurrencyInfo" */ = {
			isa = XCConfigurationList;
			buildConfigurations = (
				13120A2E275E43E6007C41D8 /* Debug */,
				13120A2F275E43E6007C41D8 /* Release */,
			);
			defaultConfigurationIsVisible = 0;
			defaultConfigurationName = Release;
		};
		13120A30275E43E6007C41D8 /* Build configuration list for PBXNativeTarget "CurrencyInfo" */ = {
			isa = XCConfigurationList;
			buildConfigurations = (
				13120A31275E43E6007C41D8 /* Debug */,
				13120A32275E43E6007C41D8 /* Release */,
			);
			defaultConfigurationIsVisible = 0;
			defaultConfigurationName = Release;
		};
		13120A33275E43E6007C41D8 /* Build configuration list for PBXNativeTarget "CurrencyInfoTests" */ = {
			isa = XCConfigurationList;
			buildConfigurations = (
				13120A34275E43E6007C41D8 /* Debug */,
				13120A35275E43E6007C41D8 /* Release */,
			);
			defaultConfigurationIsVisible = 0;
			defaultConfigurationName = Release;
		};
		13120A36275E43E6007C41D8 /* Build configuration list for PBXNativeTarget "CurrencyInfoUITests" */ = {
			isa = XCConfigurationList;
			buildConfigurations = (
				13120A37275E43E6007C41D8 /* Debug */,
				13120A38275E43E6007C41D8 /* Release */,
			);
			defaultConfigurationIsVisible = 0;
			defaultConfigurationName = Release;
		};
/* End XCConfigurationList section */
	};
	rootObject = 131209FE275E43E4007C41D8 /* Project object */;
}
